
Microsoft Visual Studio Solution File, Format Version 12.00
# Visual Studio Version 17
VisualStudioVersion = 17.5.33502.453
MinimumVisualStudioVersion = 10.0.40219.1
Project("{9A19103F-16F7-4668-BE54-9A1E7A4F7556}") = "ConsoleTest", "ConsoleTest\ConsoleTest.csproj", "{8589DC31-E8B8-4174-84E8-86365E63B0E9}"
	ProjectSection(ProjectDependencies) = postProject
		{788754C8-D5E1-40DD-A2D8-AA2709129D8C} = {788754C8-D5E1-40DD-A2D8-AA2709129D8C}
	EndProjectSection
EndProject
Project("{9A19103F-16F7-4668-BE54-9A1E7A4F7556}") = "ConsoleUtilsCore", "ConsoleUtilsCore\ConsoleUtilsCore.csproj", "{391D33D8-054C-4992-9B83-23DFC950A060}"
EndProject
Project("{9A19103F-16F7-4668-BE54-9A1E7A4F7556}") = "HackUtilsCore", "HackUtilsCore\HackUtilsCore.csproj", "{B9506B67-FBD2-40C0-A62D-130A62032EDA}"
EndProject
Project("{FAE04EC0-301F-11D3-BF4B-00C04F79EFBC}") = "ConsoleGameCore", "ConsoleGameCore\ConsoleGameCore.csproj", "{788754C8-D5E1-40DD-A2D8-AA2709129D8C}"
EndProject
Global
	GlobalSection(SolutionConfigurationPlatforms) = preSolution
		Debug|Any CPU = Debug|Any CPU
		Release|Any CPU = Release|Any CPU
	EndGlobalSection
	GlobalSection(ProjectConfigurationPlatforms) = postSolution
		{8589DC31-E8B8-4174-84E8-86365E63B0E9}.Debug|Any CPU.ActiveCfg = Debug|Any CPU
		{8589DC31-E8B8-4174-84E8-86365E63B0E9}.Debug|Any CPU.Build.0 = Debug|Any CPU
		{8589DC31-E8B8-4174-84E8-86365E63B0E9}.Release|Any CPU.ActiveCfg = Release|Any CPU
		{8589DC31-E8B8-4174-84E8-86365E63B0E9}.Release|Any CPU.Build.0 = Release|Any CPU
		{391D33D8-054C-4992-9B83-23DFC950A060}.Debug|Any CPU.ActiveCfg = Debug|Any CPU
		{391D33D8-054C-4992-9B83-23DFC950A060}.Debug|Any CPU.Build.0 = Debug|Any CPU
		{391D33D8-054C-4992-9B83-23DFC950A060}.Release|Any CPU.ActiveCfg = Release|Any CPU
		{391D33D8-054C-4992-9B83-23DFC950A060}.Release|Any CPU.Build.0 = Release|Any CPU
		{B9506B67-FBD2-40C0-A62D-130A62032EDA}.Debug|Any CPU.ActiveCfg = Debug|Any CPU
		{B9506B67-FBD2-40C0-A62D-130A62032EDA}.Debug|Any CPU.Build.0 = Debug|Any CPU
		{B9506B67-FBD2-40C0-A62D-130A62032EDA}.Release|Any CPU.ActiveCfg = Release|Any CPU
		{B9506B67-FBD2-40C0-A62D-130A62032EDA}.Release|Any CPU.Build.0 = Release|Any CPU
		{788754C8-D5E1-40DD-A2D8-AA2709129D8C}.Debug|Any CPU.ActiveCfg = Debug|Any CPU
		{788754C8-D5E1-40DD-A2D8-AA2709129D8C}.Debug|Any CPU.Build.0 = Debug|Any CPU
		{788754C8-D5E1-40DD-A2D8-AA2709129D8C}.Release|Any CPU.ActiveCfg = Release|Any CPU
		{788754C8-D5E1-40DD-A2D8-AA2709129D8C}.Release|Any CPU.Build.0 = Release|Any CPU
	EndGlobalSection
	GlobalSection(SolutionProperties) = preSolution
		HideSolutionNode = FALSE
	EndGlobalSection
	GlobalSection(ExtensibilityGlobals) = postSolution
		SolutionGuid = {58E85617-5BEB-42F2-B74C-41FD34E0F8ED}
	EndGlobalSection
EndGlobal
