
Microsoft Visual Studio Solution File, Format Version 12.00
# Visual Studio Version 16
VisualStudioVersion = 16.0.32428.217
MinimumVisualStudioVersion = 10.0.40219.1
Project("{9A19103F-16F7-4668-BE54-9A1E7A4F7556}") = "ScriptRunner", "ScriptRunner\ScriptRunner.csproj", "{D5F06327-3F00-4266-9946-7AEE07CE197F}"
EndProject
Project("{FAE04EC0-301F-11D3-BF4B-00C04F79EFBC}") = "ConsoleTest", "ConsoleTest\ConsoleTest.csproj", "{3B0A4BEF-C591-4CD0-9F33-3D253D3D0F7B}"
EndProject
Global
	GlobalSection(SolutionConfigurationPlatforms) = preSolution
		Debug|Any CPU = Debug|Any CPU
		Release|Any CPU = Release|Any CPU
	EndGlobalSection
	GlobalSection(ProjectConfigurationPlatforms) = postSolution
		{D5F06327-3F00-4266-9946-7AEE07CE197F}.Debug|Any CPU.ActiveCfg = Debug|Any CPU
		{D5F06327-3F00-4266-9946-7AEE07CE197F}.Debug|Any CPU.Build.0 = Debug|Any CPU
		{D5F06327-3F00-4266-9946-7AEE07CE197F}.Release|Any CPU.ActiveCfg = Release|Any CPU
		{D5F06327-3F00-4266-9946-7AEE07CE197F}.Release|Any CPU.Build.0 = Release|Any CPU
		{3B0A4BEF-C591-4CD0-9F33-3D253D3D0F7B}.Debug|Any CPU.ActiveCfg = Debug|Any CPU
		{3B0A4BEF-C591-4CD0-9F33-3D253D3D0F7B}.Debug|Any CPU.Build.0 = Debug|Any CPU
		{3B0A4BEF-C591-4CD0-9F33-3D253D3D0F7B}.Release|Any CPU.ActiveCfg = Release|Any CPU
		{3B0A4BEF-C591-4CD0-9F33-3D253D3D0F7B}.Release|Any CPU.Build.0 = Release|Any CPU
	EndGlobalSection
	GlobalSection(SolutionProperties) = preSolution
		HideSolutionNode = FALSE
	EndGlobalSection
	GlobalSection(ExtensibilityGlobals) = postSolution
		SolutionGuid = {C3F6DA7D-D296-467E-A8CD-D8DA9A14711E}
	EndGlobalSection
EndGlobal
