
Microsoft Visual Studio Solution File, Format Version 12.00
# Visual Studio Version 16
VisualStudioVersion = 16.0.30907.101
MinimumVisualStudioVersion = 10.0.40219.1
Project("{FAE04EC0-301F-11D3-BF4B-00C04F79EFBC}") = "UsefulItems.CSharpFramework", "UsefulItems.CSharpFramework\UsefulItems.CSharpFramework.csproj", "{B851E39F-6692-441B-8FF5-4C24C3D6E632}"
EndProject
Project("{FAE04EC0-301F-11D3-BF4B-00C04F79EFBC}") = "UsefulItems.CSharpFramework.SqlTools", "UsefulItems.CSharpFramework.SqlTools\UsefulItems.CSharpFramework.SqlTools.csproj", "{69516E02-B170-4F7E-A5DB-72C7C5D58F88}"
EndProject
Project("{FAE04EC0-301F-11D3-BF4B-00C04F79EFBC}") = "UsefulItems.CSharpFramework.Validation", "UsefulItems.CSharpFramework.Validation\UsefulItems.CSharpFramework.Validation.csproj", "{8358C5B2-9D77-427E-9F02-8B4E18B99698}"
EndProject
Project("{FAE04EC0-301F-11D3-BF4B-00C04F79EFBC}") = "UsefulItems.CSharpFramework.SomeStuff", "UsefulItems.CSharpFramework.SomeStuff\UsefulItems.CSharpFramework.SomeStuff.csproj", "{5C95B693-F060-421B-BA59-DCCB7AD46689}"
EndProject
Global
	GlobalSection(SolutionConfigurationPlatforms) = preSolution
		Debug|Any CPU = Debug|Any CPU
		Release|Any CPU = Release|Any CPU
	EndGlobalSection
	GlobalSection(ProjectConfigurationPlatforms) = postSolution
		{B851E39F-6692-441B-8FF5-4C24C3D6E632}.Debug|Any CPU.ActiveCfg = Debug|Any CPU
		{B851E39F-6692-441B-8FF5-4C24C3D6E632}.Debug|Any CPU.Build.0 = Debug|Any CPU
		{B851E39F-6692-441B-8FF5-4C24C3D6E632}.Release|Any CPU.ActiveCfg = Release|Any CPU
		{B851E39F-6692-441B-8FF5-4C24C3D6E632}.Release|Any CPU.Build.0 = Release|Any CPU
		{69516E02-B170-4F7E-A5DB-72C7C5D58F88}.Debug|Any CPU.ActiveCfg = Debug|Any CPU
		{69516E02-B170-4F7E-A5DB-72C7C5D58F88}.Debug|Any CPU.Build.0 = Debug|Any CPU
		{69516E02-B170-4F7E-A5DB-72C7C5D58F88}.Release|Any CPU.ActiveCfg = Release|Any CPU
		{69516E02-B170-4F7E-A5DB-72C7C5D58F88}.Release|Any CPU.Build.0 = Release|Any CPU
		{8358C5B2-9D77-427E-9F02-8B4E18B99698}.Debug|Any CPU.ActiveCfg = Debug|Any CPU
		{8358C5B2-9D77-427E-9F02-8B4E18B99698}.Debug|Any CPU.Build.0 = Debug|Any CPU
		{8358C5B2-9D77-427E-9F02-8B4E18B99698}.Release|Any CPU.ActiveCfg = Release|Any CPU
		{8358C5B2-9D77-427E-9F02-8B4E18B99698}.Release|Any CPU.Build.0 = Release|Any CPU
		{5C95B693-F060-421B-BA59-DCCB7AD46689}.Debug|Any CPU.ActiveCfg = Debug|Any CPU
		{5C95B693-F060-421B-BA59-DCCB7AD46689}.Debug|Any CPU.Build.0 = Debug|Any CPU
		{5C95B693-F060-421B-BA59-DCCB7AD46689}.Release|Any CPU.ActiveCfg = Release|Any CPU
		{5C95B693-F060-421B-BA59-DCCB7AD46689}.Release|Any CPU.Build.0 = Release|Any CPU
	EndGlobalSection
	GlobalSection(SolutionProperties) = preSolution
		HideSolutionNode = FALSE
	EndGlobalSection
	GlobalSection(ExtensibilityGlobals) = postSolution
		SolutionGuid = {9E4425D6-BE35-4506-97F8-9D6C1CD7A1A9}
	EndGlobalSection
EndGlobal
