
Microsoft Visual Studio Solution File, Format Version 12.00
# Visual Studio Version 16
VisualStudioVersion = 16.0.31019.35
MinimumVisualStudioVersion = 10.0.40219.1
Project("{2150E333-8FDC-42A3-9474-1A3956D46DE8}") = "Test", "Test", "{C392907E-35D3-4F28-B63A-E0A3CAAA33E9}"
EndProject
Project("{9A19103F-16F7-4668-BE54-9A1E7A4F7556}") = "CoreConsole", "Test\CoreConsole\CoreConsole.csproj", "{7EB48469-F977-41D5-B7EC-13F56DD4B6FD}"
EndProject
Project("{FAE04EC0-301F-11D3-BF4B-00C04F79EFBC}") = "FrameworkConsole", "Test\FrameworkConsole\FrameworkConsole.csproj", "{63D6C41B-4F65-4EDC-96E7-AB912CC443C9}"
EndProject
Project("{2150E333-8FDC-42A3-9474-1A3956D46DE8}") = "FunctionalProgramming", "FunctionalProgramming", "{4235BEDA-6095-46D2-928F-B7C97440EEAE}"
EndProject
Project("{9A19103F-16F7-4668-BE54-9A1E7A4F7556}") = "Monad", "FunctionalProgramming\Monad\Monad.csproj", "{ED46FB48-BD3D-4A28-994D-D19F28A1D99A}"
EndProject
Project("{9A19103F-16F7-4668-BE54-9A1E7A4F7556}") = "ConsoleUtils", "ConsoleUtils\ConsoleUtils.csproj", "{14BF25D5-C410-4579-A87D-0FA629962AB6}"
EndProject
Project("{9A19103F-16F7-4668-BE54-9A1E7A4F7556}") = "ValidationLib", "ValidationLib\ValidationLib.csproj", "{354228D2-DB26-4201-8F08-B7B5BC2C2BDA}"
EndProject
Project("{2150E333-8FDC-42A3-9474-1A3956D46DE8}") = "SqlUtils", "SqlUtils", "{52F6D36C-F9B9-4655-96AB-E08FF677330D}"
EndProject
Project("{9A19103F-16F7-4668-BE54-9A1E7A4F7556}") = "DarkORM", "SqlUtils\DarkORM\DarkORM.csproj", "{3CA8E728-921C-47BF-A770-868F2103EAEA}"
EndProject
Project("{9A19103F-16F7-4668-BE54-9A1E7A4F7556}") = "Trash", "Trash\Trash.csproj", "{3BB3E8EB-E86E-4499-801E-60BE874C8B72}"
EndProject
Project("{FAE04EC0-301F-11D3-BF4B-00C04F79EFBC}") = "CoreWinForms", "Test\CoreWinForms\CoreWinForms.csproj", "{D5CF53BD-99E5-45B9-82F5-66170585BAEB}"
EndProject
Project("{2150E333-8FDC-42A3-9474-1A3956D46DE8}") = "GameElements", "GameElements", "{54E830B0-E988-486A-AF3D-7FD6BC2DEF7D}"
EndProject
Project("{9A19103F-16F7-4668-BE54-9A1E7A4F7556}") = "DarkGraphicsLib", "GameElements\DarkGraphicsLib\DarkGraphicsLib.csproj", "{30F880BB-8FB4-4977-9A25-17AFA683AF37}"
EndProject
Global
	GlobalSection(SolutionConfigurationPlatforms) = preSolution
		Debug|Any CPU = Debug|Any CPU
		Release|Any CPU = Release|Any CPU
	EndGlobalSection
	GlobalSection(ProjectConfigurationPlatforms) = postSolution
		{7EB48469-F977-41D5-B7EC-13F56DD4B6FD}.Debug|Any CPU.ActiveCfg = Debug|Any CPU
		{7EB48469-F977-41D5-B7EC-13F56DD4B6FD}.Debug|Any CPU.Build.0 = Debug|Any CPU
		{7EB48469-F977-41D5-B7EC-13F56DD4B6FD}.Release|Any CPU.ActiveCfg = Release|Any CPU
		{7EB48469-F977-41D5-B7EC-13F56DD4B6FD}.Release|Any CPU.Build.0 = Release|Any CPU
		{63D6C41B-4F65-4EDC-96E7-AB912CC443C9}.Debug|Any CPU.ActiveCfg = Debug|Any CPU
		{63D6C41B-4F65-4EDC-96E7-AB912CC443C9}.Debug|Any CPU.Build.0 = Debug|Any CPU
		{63D6C41B-4F65-4EDC-96E7-AB912CC443C9}.Release|Any CPU.ActiveCfg = Release|Any CPU
		{63D6C41B-4F65-4EDC-96E7-AB912CC443C9}.Release|Any CPU.Build.0 = Release|Any CPU
		{ED46FB48-BD3D-4A28-994D-D19F28A1D99A}.Debug|Any CPU.ActiveCfg = Debug|Any CPU
		{ED46FB48-BD3D-4A28-994D-D19F28A1D99A}.Debug|Any CPU.Build.0 = Debug|Any CPU
		{ED46FB48-BD3D-4A28-994D-D19F28A1D99A}.Release|Any CPU.ActiveCfg = Release|Any CPU
		{ED46FB48-BD3D-4A28-994D-D19F28A1D99A}.Release|Any CPU.Build.0 = Release|Any CPU
		{14BF25D5-C410-4579-A87D-0FA629962AB6}.Debug|Any CPU.ActiveCfg = Debug|Any CPU
		{14BF25D5-C410-4579-A87D-0FA629962AB6}.Debug|Any CPU.Build.0 = Debug|Any CPU
		{14BF25D5-C410-4579-A87D-0FA629962AB6}.Release|Any CPU.ActiveCfg = Release|Any CPU
		{14BF25D5-C410-4579-A87D-0FA629962AB6}.Release|Any CPU.Build.0 = Release|Any CPU
		{354228D2-DB26-4201-8F08-B7B5BC2C2BDA}.Debug|Any CPU.ActiveCfg = Debug|Any CPU
		{354228D2-DB26-4201-8F08-B7B5BC2C2BDA}.Debug|Any CPU.Build.0 = Debug|Any CPU
		{354228D2-DB26-4201-8F08-B7B5BC2C2BDA}.Release|Any CPU.ActiveCfg = Release|Any CPU
		{354228D2-DB26-4201-8F08-B7B5BC2C2BDA}.Release|Any CPU.Build.0 = Release|Any CPU
		{3CA8E728-921C-47BF-A770-868F2103EAEA}.Debug|Any CPU.ActiveCfg = Debug|Any CPU
		{3CA8E728-921C-47BF-A770-868F2103EAEA}.Debug|Any CPU.Build.0 = Debug|Any CPU
		{3CA8E728-921C-47BF-A770-868F2103EAEA}.Release|Any CPU.ActiveCfg = Release|Any CPU
		{3CA8E728-921C-47BF-A770-868F2103EAEA}.Release|Any CPU.Build.0 = Release|Any CPU
		{3BB3E8EB-E86E-4499-801E-60BE874C8B72}.Debug|Any CPU.ActiveCfg = Debug|Any CPU
		{3BB3E8EB-E86E-4499-801E-60BE874C8B72}.Debug|Any CPU.Build.0 = Debug|Any CPU
		{3BB3E8EB-E86E-4499-801E-60BE874C8B72}.Release|Any CPU.ActiveCfg = Release|Any CPU
		{3BB3E8EB-E86E-4499-801E-60BE874C8B72}.Release|Any CPU.Build.0 = Release|Any CPU
		{D5CF53BD-99E5-45B9-82F5-66170585BAEB}.Debug|Any CPU.ActiveCfg = Debug|Any CPU
		{D5CF53BD-99E5-45B9-82F5-66170585BAEB}.Debug|Any CPU.Build.0 = Debug|Any CPU
		{D5CF53BD-99E5-45B9-82F5-66170585BAEB}.Release|Any CPU.ActiveCfg = Release|Any CPU
		{D5CF53BD-99E5-45B9-82F5-66170585BAEB}.Release|Any CPU.Build.0 = Release|Any CPU
		{30F880BB-8FB4-4977-9A25-17AFA683AF37}.Debug|Any CPU.ActiveCfg = Debug|Any CPU
		{30F880BB-8FB4-4977-9A25-17AFA683AF37}.Debug|Any CPU.Build.0 = Debug|Any CPU
		{30F880BB-8FB4-4977-9A25-17AFA683AF37}.Release|Any CPU.ActiveCfg = Release|Any CPU
		{30F880BB-8FB4-4977-9A25-17AFA683AF37}.Release|Any CPU.Build.0 = Release|Any CPU
	EndGlobalSection
	GlobalSection(SolutionProperties) = preSolution
		HideSolutionNode = FALSE
	EndGlobalSection
	GlobalSection(NestedProjects) = preSolution
		{7EB48469-F977-41D5-B7EC-13F56DD4B6FD} = {C392907E-35D3-4F28-B63A-E0A3CAAA33E9}
		{63D6C41B-4F65-4EDC-96E7-AB912CC443C9} = {C392907E-35D3-4F28-B63A-E0A3CAAA33E9}
		{ED46FB48-BD3D-4A28-994D-D19F28A1D99A} = {4235BEDA-6095-46D2-928F-B7C97440EEAE}
		{3CA8E728-921C-47BF-A770-868F2103EAEA} = {52F6D36C-F9B9-4655-96AB-E08FF677330D}
		{D5CF53BD-99E5-45B9-82F5-66170585BAEB} = {C392907E-35D3-4F28-B63A-E0A3CAAA33E9}
		{30F880BB-8FB4-4977-9A25-17AFA683AF37} = {54E830B0-E988-486A-AF3D-7FD6BC2DEF7D}
	EndGlobalSection
	GlobalSection(ExtensibilityGlobals) = postSolution
		SolutionGuid = {22A6DB02-D717-4058-8AEB-846BBF0DF719}
	EndGlobalSection
EndGlobal
